
Microsoft Visual Studio Solution File, Format Version 10.00
# Visual Studio 2008
Project("{FAE04EC0-301F-11D3-BF4B-00C04F79EFBC}") = "Splatter", "Splatter\Splatter.csproj", "{E897BBDD-096C-4F84-B42C-471BD661DEF1}"
EndProject
Project("{FAE04EC0-301F-11D3-BF4B-00C04F79EFBC}") = "BugzillaInterface", "BugzillaInterface\BugzillaInterface.csproj", "{35995E1D-6813-4592-9400-1BE519445256}"
EndProject
Project("{FAE04EC0-301F-11D3-BF4B-00C04F79EFBC}") = "Frontend", "Frontend\Frontend.csproj", "{834DF085-80EF-40A2-9669-C3C4AFDEE773}"
EndProject
Project("{FAE04EC0-301F-11D3-BF4B-00C04F79EFBC}") = "xmlrpc", "XmlRpcLib\xmlrpc.csproj", "{1B4B0A58-0AFB-4090-91DD-18912CC7DE65}"
EndProject
Global
	GlobalSection(SolutionConfigurationPlatforms) = preSolution
		Debug|x86 = Debug|x86
		Release|x86 = Release|x86
	EndGlobalSection
	GlobalSection(ProjectConfigurationPlatforms) = postSolution
		{1B4B0A58-0AFB-4090-91DD-18912CC7DE65}.Debug|x86.ActiveCfg = Debug|Any CPU
		{1B4B0A58-0AFB-4090-91DD-18912CC7DE65}.Debug|x86.Build.0 = Debug|Any CPU
		{1B4B0A58-0AFB-4090-91DD-18912CC7DE65}.Release|x86.ActiveCfg = Release|Any CPU
		{1B4B0A58-0AFB-4090-91DD-18912CC7DE65}.Release|x86.Build.0 = Release|Any CPU
		{35995E1D-6813-4592-9400-1BE519445256}.Debug|x86.ActiveCfg = Debug|x86
		{35995E1D-6813-4592-9400-1BE519445256}.Debug|x86.Build.0 = Debug|x86
		{35995E1D-6813-4592-9400-1BE519445256}.Release|x86.ActiveCfg = Release|x86
		{35995E1D-6813-4592-9400-1BE519445256}.Release|x86.Build.0 = Release|x86
		{834DF085-80EF-40A2-9669-C3C4AFDEE773}.Debug|x86.ActiveCfg = Debug|x86
		{834DF085-80EF-40A2-9669-C3C4AFDEE773}.Debug|x86.Build.0 = Debug|x86
		{834DF085-80EF-40A2-9669-C3C4AFDEE773}.Release|x86.ActiveCfg = Release|x86
		{834DF085-80EF-40A2-9669-C3C4AFDEE773}.Release|x86.Build.0 = Release|x86
		{E897BBDD-096C-4F84-B42C-471BD661DEF1}.Debug|x86.ActiveCfg = Debug|x86
		{E897BBDD-096C-4F84-B42C-471BD661DEF1}.Debug|x86.Build.0 = Debug|x86
		{E897BBDD-096C-4F84-B42C-471BD661DEF1}.Release|x86.ActiveCfg = Release|x86
		{E897BBDD-096C-4F84-B42C-471BD661DEF1}.Release|x86.Build.0 = Release|x86
	EndGlobalSection
	GlobalSection(MonoDevelopProperties) = preSolution
		StartupItem = Frontend\Frontend.csproj
		Policies = $0
		$0.StandardHeader = $1
		$1.Text = @\n${FileName}\n \nAuthor:\n      ${AuthorName} <${AuthorEmail}>\n\nCopyright (c) ${Year} ${CopyrightHolder}\n\nPermission is hereby granted, free of charge, to any person obtaining a copy\nof this software and associated documentation files (the "Software"), to deal\nin the Software without restriction, including without limitation the rights\nto use, copy, modify, merge, publish, distribute, sublicense, and/or sell\ncopies of the Software, and to permit persons to whom the Software is\nfurnished to do so, subject to the following conditions:\n\nThe above copyright notice and this permission notice shall be included in\nall copies or substantial portions of the Software.\n\nThe Software shall be used for Good, not Evil.\n\nTHE SOFTWARE IS PROVIDED "AS IS", WITHOUT WARRANTY OF ANY KIND, EXPRESS OR\nIMPLIED, INCLUDING BUT NOT LIMITED TO THE WARRANTIES OF MERCHANTABILITY,\nFITNESS FOR A PARTICULAR PURPOSE AND NONINFRINGEMENT. IN NO EVENT SHALL THE\nAUTHORS OR COPYRIGHT HOLDERS BE LIABLE FOR ANY CLAIM, DAMAGES OR OTHER\nLIABILITY, WHETHER IN AN ACTION OF CONTRACT, TORT OR OTHERWISE, ARISING FROM,\nOUT OF OR IN CONNECTION WITH THE SOFTWARE OR THE USE OR OTHER DEALINGS IN\nTHE SOFTWARE.
		$1.inheritsSet = MITX11License
	EndGlobalSection
EndGlobal
